
Microsoft Visual Studio Solution File, Format Version 11.00
# Visual Studio 2010
Project("{FAE04EC0-301F-11D3-BF4B-00C04F79EFBC}") = "PasswordServer", "PasswordServer\PasswordServer.csproj", "{D77DBB4F-16ED-4343-A51E-19EFEBD1EA4B}"
EndProject
Project("{54435603-DBB4-11D2-8724-00A0C9A8B90C}") = "PasswordServerInstall", "PasswordServerInstall\PasswordServerInstall.vdproj", "{8BC5956B-C7A7-465F-AE37-A5A7AB4641C6}"
EndProject
Project("{FAE04EC0-301F-11D3-BF4B-00C04F79EFBC}") = "ConsoleApplication1", "ConsoleApplication1\ConsoleApplication1.csproj", "{B8E7EEDC-DD3A-4D44-9A5F-D01AFD1FD98B}"
EndProject
Global
	GlobalSection(SolutionConfigurationPlatforms) = preSolution
		Debug|x86 = Debug|x86
		Release|x86 = Release|x86
	EndGlobalSection
	GlobalSection(ProjectConfigurationPlatforms) = postSolution
		{D77DBB4F-16ED-4343-A51E-19EFEBD1EA4B}.Debug|x86.ActiveCfg = Debug|x86
		{D77DBB4F-16ED-4343-A51E-19EFEBD1EA4B}.Debug|x86.Build.0 = Debug|x86
		{D77DBB4F-16ED-4343-A51E-19EFEBD1EA4B}.Release|x86.ActiveCfg = Release|x86
		{D77DBB4F-16ED-4343-A51E-19EFEBD1EA4B}.Release|x86.Build.0 = Release|x86
		{8BC5956B-C7A7-465F-AE37-A5A7AB4641C6}.Debug|x86.ActiveCfg = Debug
		{8BC5956B-C7A7-465F-AE37-A5A7AB4641C6}.Release|x86.ActiveCfg = Release
		{B8E7EEDC-DD3A-4D44-9A5F-D01AFD1FD98B}.Debug|x86.ActiveCfg = Debug|x86
		{B8E7EEDC-DD3A-4D44-9A5F-D01AFD1FD98B}.Debug|x86.Build.0 = Debug|x86
		{B8E7EEDC-DD3A-4D44-9A5F-D01AFD1FD98B}.Release|x86.ActiveCfg = Release|x86
		{B8E7EEDC-DD3A-4D44-9A5F-D01AFD1FD98B}.Release|x86.Build.0 = Release|x86
	EndGlobalSection
	GlobalSection(SolutionProperties) = preSolution
		HideSolutionNode = FALSE
	EndGlobalSection
EndGlobal
